
Microsoft Visual Studio Solution File, Format Version 12.00
# Visual Studio Version 17
VisualStudioVersion = 17.5.33424.131
MinimumVisualStudioVersion = 10.0.40219.1
Project("{2150E333-8FDC-42A3-9474-1A3956D46DE8}") = "Database", "Database", "{E70B34E2-49CC-408C-A570-9E6B1617CC10}"
EndProject
Project("{2150E333-8FDC-42A3-9474-1A3956D46DE8}") = "Shared", "Shared", "{AE0BF51C-4DF0-499D-A7A3-9F3A32912EA0}"
	ProjectSection(SolutionItems) = preProject
		Entry.cs = Entry.cs
	EndProjectSection
EndProject
Project("{2150E333-8FDC-42A3-9474-1A3956D46DE8}") = "Client", "Client", "{A0E1AD87-023A-47D1-A256-BAAA6B8BC94A}"
EndProject
Global
	GlobalSection(SolutionProperties) = preSolution
		HideSolutionNode = FALSE
	EndGlobalSection
	GlobalSection(ExtensibilityGlobals) = postSolution
		SolutionGuid = {B3620779-AF22-4F20-B5CB-1301FCE1FE74}
	EndGlobalSection
EndGlobal
