
Microsoft Visual Studio Solution File, Format Version 12.00
# Visual Studio Version 17
VisualStudioVersion = 17.5.33424.131
MinimumVisualStudioVersion = 10.0.40219.1
Project("{9A19103F-16F7-4668-BE54-9A1E7A4F7556}") = "Shared", "Shared\Shared.csproj", "{E9035B50-51E7-4ACB-AE67-717C7750D42B}"
EndProject
Project("{9A19103F-16F7-4668-BE54-9A1E7A4F7556}") = "Client", "Client\Client.csproj", "{1971B249-9977-4B74-BF9C-C45EC3BECD1C}"
EndProject
Project("{9A19103F-16F7-4668-BE54-9A1E7A4F7556}") = "Database", "Database\Database.csproj", "{EAC1B067-6036-4BEF-B87A-47BD42AD23E6}"
EndProject
Project("{FAE04EC0-301F-11D3-BF4B-00C04F79EFBC}") = "Tests", "Tests\Tests.csproj", "{2570B5C9-B54D-4DF2-A963-D3E113AE4BD7}"
EndProject
Global
	GlobalSection(SolutionConfigurationPlatforms) = preSolution
		Debug|Any CPU = Debug|Any CPU
		Release|Any CPU = Release|Any CPU
	EndGlobalSection
	GlobalSection(ProjectConfigurationPlatforms) = postSolution
		{E9035B50-51E7-4ACB-AE67-717C7750D42B}.Debug|Any CPU.ActiveCfg = Debug|Any CPU
		{E9035B50-51E7-4ACB-AE67-717C7750D42B}.Debug|Any CPU.Build.0 = Debug|Any CPU
		{E9035B50-51E7-4ACB-AE67-717C7750D42B}.Release|Any CPU.ActiveCfg = Release|Any CPU
		{E9035B50-51E7-4ACB-AE67-717C7750D42B}.Release|Any CPU.Build.0 = Release|Any CPU
		{1971B249-9977-4B74-BF9C-C45EC3BECD1C}.Debug|Any CPU.ActiveCfg = Debug|Any CPU
		{1971B249-9977-4B74-BF9C-C45EC3BECD1C}.Debug|Any CPU.Build.0 = Debug|Any CPU
		{1971B249-9977-4B74-BF9C-C45EC3BECD1C}.Release|Any CPU.ActiveCfg = Release|Any CPU
		{1971B249-9977-4B74-BF9C-C45EC3BECD1C}.Release|Any CPU.Build.0 = Release|Any CPU
		{EAC1B067-6036-4BEF-B87A-47BD42AD23E6}.Debug|Any CPU.ActiveCfg = Debug|Any CPU
		{EAC1B067-6036-4BEF-B87A-47BD42AD23E6}.Debug|Any CPU.Build.0 = Debug|Any CPU
		{EAC1B067-6036-4BEF-B87A-47BD42AD23E6}.Release|Any CPU.ActiveCfg = Release|Any CPU
		{EAC1B067-6036-4BEF-B87A-47BD42AD23E6}.Release|Any CPU.Build.0 = Release|Any CPU
		{2570B5C9-B54D-4DF2-A963-D3E113AE4BD7}.Debug|Any CPU.ActiveCfg = Debug|Any CPU
		{2570B5C9-B54D-4DF2-A963-D3E113AE4BD7}.Debug|Any CPU.Build.0 = Debug|Any CPU
		{2570B5C9-B54D-4DF2-A963-D3E113AE4BD7}.Release|Any CPU.ActiveCfg = Release|Any CPU
		{2570B5C9-B54D-4DF2-A963-D3E113AE4BD7}.Release|Any CPU.Build.0 = Release|Any CPU
	EndGlobalSection
	GlobalSection(SolutionProperties) = preSolution
		HideSolutionNode = FALSE
	EndGlobalSection
	GlobalSection(ExtensibilityGlobals) = postSolution
		SolutionGuid = {B3620779-AF22-4F20-B5CB-1301FCE1FE74}
	EndGlobalSection
EndGlobal
